{"filter":false,"title":"Gemfile.lock","tooltip":"/sample_app/Gemfile.lock","undoManager":{"mark":-1,"position":-1,"stack":[]},"ace":{"folds":[],"scrolltop":0,"scrollleft":0,"selection":{"start":{"row":17,"column":26},"end":{"row":17,"column":26},"isBackwards":false},"options":{"guessTabSize":true,"useWrapMode":false,"wrapToView":true},"firstLineState":0},"timestamp":1604314493944,"hash":"45fc9cdb27af051fb7aa9ae0f24639f7daeee901"}